
Microsoft Visual Studio Solution File, Format Version 12.00
# Visual Studio Version 16
VisualStudioVersion = 16.0.30204.135
MinimumVisualStudioVersion = 10.0.40219.1
Project("{FAE04EC0-301F-11D3-BF4B-00C04F79EFBC}") = "COMP3451Project", "COMP3451Project\COMP3451Project.csproj", "{64FB38AE-F8D9-4513-8FD8-1028BF541D31}"
EndProject
Project("{FAE04EC0-301F-11D3-BF4B-00C04F79EFBC}") = "OrbitalEngine", "Engine\OrbitalEngine.csproj", "{B7823477-4E7D-4F84-8D31-B86449F8247C}"
EndProject
Project("{FAE04EC0-301F-11D3-BF4B-00C04F79EFBC}") = "OrbitalEngineTest", "EngineTest\OrbitalEngineTest.csproj", "{DE9EC1C2-407B-45B2-8DE8-2EEB471C3A45}"
EndProject
Global
	GlobalSection(SolutionConfigurationPlatforms) = preSolution
		Debug|Any CPU = Debug|Any CPU
		Debug|x86 = Debug|x86
		Release|Any CPU = Release|Any CPU
		Release|x86 = Release|x86
	EndGlobalSection
	GlobalSection(ProjectConfigurationPlatforms) = postSolution
		{64FB38AE-F8D9-4513-8FD8-1028BF541D31}.Debug|Any CPU.ActiveCfg = Debug|x86
		{64FB38AE-F8D9-4513-8FD8-1028BF541D31}.Debug|x86.ActiveCfg = Debug|x86
		{64FB38AE-F8D9-4513-8FD8-1028BF541D31}.Debug|x86.Build.0 = Debug|x86
		{64FB38AE-F8D9-4513-8FD8-1028BF541D31}.Release|Any CPU.ActiveCfg = Release|x86
		{64FB38AE-F8D9-4513-8FD8-1028BF541D31}.Release|x86.ActiveCfg = Release|x86
		{64FB38AE-F8D9-4513-8FD8-1028BF541D31}.Release|x86.Build.0 = Release|x86
		{B7823477-4E7D-4F84-8D31-B86449F8247C}.Debug|Any CPU.ActiveCfg = Debug|Any CPU
		{B7823477-4E7D-4F84-8D31-B86449F8247C}.Debug|Any CPU.Build.0 = Debug|Any CPU
		{B7823477-4E7D-4F84-8D31-B86449F8247C}.Debug|x86.ActiveCfg = Debug|Any CPU
		{B7823477-4E7D-4F84-8D31-B86449F8247C}.Debug|x86.Build.0 = Debug|Any CPU
		{B7823477-4E7D-4F84-8D31-B86449F8247C}.Release|Any CPU.ActiveCfg = Release|Any CPU
		{B7823477-4E7D-4F84-8D31-B86449F8247C}.Release|Any CPU.Build.0 = Release|Any CPU
		{B7823477-4E7D-4F84-8D31-B86449F8247C}.Release|x86.ActiveCfg = Release|Any CPU
		{B7823477-4E7D-4F84-8D31-B86449F8247C}.Release|x86.Build.0 = Release|Any CPU
		{DE9EC1C2-407B-45B2-8DE8-2EEB471C3A45}.Debug|Any CPU.ActiveCfg = Debug|Any CPU
		{DE9EC1C2-407B-45B2-8DE8-2EEB471C3A45}.Debug|Any CPU.Build.0 = Debug|Any CPU
		{DE9EC1C2-407B-45B2-8DE8-2EEB471C3A45}.Debug|x86.ActiveCfg = Debug|Any CPU
		{DE9EC1C2-407B-45B2-8DE8-2EEB471C3A45}.Debug|x86.Build.0 = Debug|Any CPU
		{DE9EC1C2-407B-45B2-8DE8-2EEB471C3A45}.Release|Any CPU.ActiveCfg = Release|Any CPU
		{DE9EC1C2-407B-45B2-8DE8-2EEB471C3A45}.Release|Any CPU.Build.0 = Release|Any CPU
		{DE9EC1C2-407B-45B2-8DE8-2EEB471C3A45}.Release|x86.ActiveCfg = Release|Any CPU
		{DE9EC1C2-407B-45B2-8DE8-2EEB471C3A45}.Release|x86.Build.0 = Release|Any CPU
	EndGlobalSection
	GlobalSection(SolutionProperties) = preSolution
		HideSolutionNode = FALSE
	EndGlobalSection
	GlobalSection(ExtensibilityGlobals) = postSolution
		SolutionGuid = {D8AB7AE3-E8AE-4252-BFD0-1734FD0523A9}
	EndGlobalSection
EndGlobal
